
Microsoft Visual Studio Solution File, Format Version 12.00
# Visual Studio 15
VisualStudioVersion = 15.0.28307.168
MinimumVisualStudioVersion = 10.0.40219.1
Project("{FAE04EC0-301F-11D3-BF4B-00C04F79EFBC}") = "SimpleGame", "SimpleGame\SimpleGame.csproj", "{777434B4-2818-48C9-8830-4ECD7D0FE280}"
EndProject
Global
	GlobalSection(SolutionConfigurationPlatforms) = preSolution
		Debug|Any CPU = Debug|Any CPU
		Release|Any CPU = Release|Any CPU
	EndGlobalSection
	GlobalSection(ProjectConfigurationPlatforms) = postSolution
		{777434B4-2818-48C9-8830-4ECD7D0FE280}.Debug|Any CPU.ActiveCfg = Debug|Any CPU
		{777434B4-2818-48C9-8830-4ECD7D0FE280}.Debug|Any CPU.Build.0 = Debug|Any CPU
		{777434B4-2818-48C9-8830-4ECD7D0FE280}.Release|Any CPU.ActiveCfg = Release|Any CPU
		{777434B4-2818-48C9-8830-4ECD7D0FE280}.Release|Any CPU.Build.0 = Release|Any CPU
	EndGlobalSection
	GlobalSection(SolutionProperties) = preSolution
		HideSolutionNode = FALSE
	EndGlobalSection
	GlobalSection(ExtensibilityGlobals) = postSolution
		SolutionGuid = {EEF751A3-0BB1-4B22-B3E9-A33C888A61EF}
	EndGlobalSection
EndGlobal
